// !$*UTF8*$!
{
	archiveVersion = 1;
	classes = {
	};
	objectVersion = 55;
	objects = {

/* Begin PBXBuildFile section */
		8F9C3F0527AE420300043A68 /* KeyboardViewController.swift in Sources */ = {isa = PBXBuildFile; fileRef = 8F9C3F0427AE420300043A68 /* KeyboardViewController.swift */; };
		8F9C3F0927AE420300043A68 /* keyboard.appex in Embed App Extensions */ = {isa = PBXBuildFile; fileRef = 8F9C3F0227AE420200043A68 /* keyboard.appex */; settings = {ATTRIBUTES = (RemoveHeadersOnCopy, ); }; };
		8FC078D527AE15B600BA08E9 /* AppDelegate.swift in Sources */ = {isa = PBXBuildFile; fileRef = 8FC078D427AE15B600BA08E9 /* AppDelegate.swift */; };
		8FC078D727AE15B600BA08E9 /* SceneDelegate.swift in Sources */ = {isa = PBXBuildFile; fileRef = 8FC078D627AE15B600BA08E9 /* SceneDelegate.swift */; };
		8FC078D927AE15B600BA08E9 /* ViewController.swift in Sources */ = {isa = PBXBuildFile; fileRef = 8FC078D827AE15B600BA08E9 /* ViewController.swift */; };
		8FC078DC27AE15B600BA08E9 /* Main.storyboard in Resources */ = {isa = PBXBuildFile; fileRef = 8FC078DA27AE15B600BA08E9 /* Main.storyboard */; };
		8FC078DE27AE15B700BA08E9 /* Assets.xcassets in Resources */ = {isa = PBXBuildFile; fileRef = 8FC078DD27AE15B700BA08E9 /* Assets.xcassets */; };
		8FC078E127AE15B700BA08E9 /* LaunchScreen.storyboard in Resources */ = {isa = PBXBuildFile; fileRef = 8FC078DF27AE15B700BA08E9 /* LaunchScreen.storyboard */; };
		8FC078EC27AE15B700BA08E9 /* TwoTests.swift in Sources */ = {isa = PBXBuildFile; fileRef = 8FC078EB27AE15B700BA08E9 /* TwoTests.swift */; };
		8FC078F627AE15B700BA08E9 /* TwoUITests.swift in Sources */ = {isa = PBXBuildFile; fileRef = 8FC078F527AE15B700BA08E9 /* TwoUITests.swift */; };
		8FC078F827AE15B700BA08E9 /* TwoUITestsLaunchTests.swift in Sources */ = {isa = PBXBuildFile; fileRef = 8FC078F727AE15B700BA08E9 /* TwoUITestsLaunchTests.swift */; };
/* End PBXBuildFile section */

/* Begin PBXContainerItemProxy section */
		8F9C3F0727AE420300043A68 /* PBXContainerItemProxy */ = {
			isa = PBXContainerItemProxy;
			containerPortal = 8FC078C927AE15B600BA08E9 /* Project object */;
			proxyType = 1;
			remoteGlobalIDString = 8F9C3F0127AE420200043A68;
			remoteInfo = keyboard;
		};
		8FC078E827AE15B700BA08E9 /* PBXContainerItemProxy */ = {
			isa = PBXContainerItemProxy;
			containerPortal = 8FC078C927AE15B600BA08E9 /* Project object */;
			proxyType = 1;
			remoteGlobalIDString = 8FC078D027AE15B600BA08E9;
			remoteInfo = Two;
		};
		8FC078F227AE15B700BA08E9 /* PBXContainerItemProxy */ = {
			isa = PBXContainerItemProxy;
			containerPortal = 8FC078C927AE15B600BA08E9 /* Project object */;
			proxyType = 1;
			remoteGlobalIDString = 8FC078D027AE15B600BA08E9;
			remoteInfo = Two;
		};
/* End PBXContainerItemProxy section */

/* Begin PBXCopyFilesBuildPhase section */
		8F9C3F0A27AE420300043A68 /* Embed App Extensions */ = {
			isa = PBXCopyFilesBuildPhase;
			buildActionMask = 2147483647;
			dstPath = "";
			dstSubfolderSpec = 13;
			files = (
				8F9C3F0927AE420300043A68 /* keyboard.appex in Embed App Extensions */,
			);
			name = "Embed App Extensions";
			runOnlyForDeploymentPostprocessing = 0;
		};
/* End PBXCopyFilesBuildPhase section */

/* Begin PBXFileReference section */
		8F9C3F0227AE420200043A68 /* keyboard.appex */ = {isa = PBXFileReference; explicitFileType = "wrapper.app-extension"; includeInIndex = 0; path = keyboard.appex; sourceTree = BUILT_PRODUCTS_DIR; };
		8F9C3F0427AE420300043A68 /* KeyboardViewController.swift */ = {isa = PBXFileReference; lastKnownFileType = sourcecode.swift; path = KeyboardViewController.swift; sourceTree = "<group>"; };
		8F9C3F0627AE420300043A68 /* Info.plist */ = {isa = PBXFileReference; lastKnownFileType = text.plist.xml; path = Info.plist; sourceTree = "<group>"; };
		8FC078D127AE15B600BA08E9 /* Two.app */ = {isa = PBXFileReference; explicitFileType = wrapper.application; includeInIndex = 0; path = Two.app; sourceTree = BUILT_PRODUCTS_DIR; };
		8FC078D427AE15B600BA08E9 /* AppDelegate.swift */ = {isa = PBXFileReference; lastKnownFileType = sourcecode.swift; path = AppDelegate.swift; sourceTree = "<group>"; };
		8FC078D627AE15B600BA08E9 /* SceneDelegate.swift */ = {isa = PBXFileReference; lastKnownFileType = sourcecode.swift; path = SceneDelegate.swift; sourceTree = "<group>"; };
		8FC078D827AE15B600BA08E9 /* ViewController.swift */ = {isa = PBXFileReference; lastKnownFileType = sourcecode.swift; path = ViewController.swift; sourceTree = "<group>"; };
		8FC078DB27AE15B600BA08E9 /* Base */ = {isa = PBXFileReference; lastKnownFileType = file.storyboard; name = Base; path = Base.lproj/Main.storyboard; sourceTree = "<group>"; };
		8FC078DD27AE15B700BA08E9 /* Assets.xcassets */ = {isa = PBXFileReference; lastKnownFileType = folder.assetcatalog; path = Assets.xcassets; sourceTree = "<group>"; };
		8FC078E027AE15B700BA08E9 /* Base */ = {isa = PBXFileReference; lastKnownFileType = file.storyboard; name = Base; path = Base.lproj/LaunchScreen.storyboard; sourceTree = "<group>"; };
		8FC078E227AE15B700BA08E9 /* Info.plist */ = {isa = PBXFileReference; lastKnownFileType = text.plist.xml; path = Info.plist; sourceTree = "<group>"; };
		8FC078E727AE15B700BA08E9 /* TwoTests.xctest */ = {isa = PBXFileReference; explicitFileType = wrapper.cfbundle; includeInIndex = 0; path = TwoTests.xctest; sourceTree = BUILT_PRODUCTS_DIR; };
		8FC078EB27AE15B700BA08E9 /* TwoTests.swift */ = {isa = PBXFileReference; lastKnownFileType = sourcecode.swift; path = TwoTests.swift; sourceTree = "<group>"; };
		8FC078F127AE15B700BA08E9 /* TwoUITests.xctest */ = {isa = PBXFileReference; explicitFileType = wrapper.cfbundle; includeInIndex = 0; path = TwoUITests.xctest; sourceTree = BUILT_PRODUCTS_DIR; };
		8FC078F527AE15B700BA08E9 /* TwoUITests.swift */ = {isa = PBXFileReference; lastKnownFileType = sourcecode.swift; path = TwoUITests.swift; sourceTree = "<group>"; };
		8FC078F727AE15B700BA08E9 /* TwoUITestsLaunchTests.swift */ = {isa = PBXFileReference; lastKnownFileType = sourcecode.swift; path = TwoUITestsLaunchTests.swift; sourceTree = "<group>"; };
/* End PBXFileReference section */

/* Begin PBXFrameworksBuildPhase section */
		8F9C3EFF27AE420200043A68 /* Frameworks */ = {
			isa = PBXFrameworksBuildPhase;
			buildActionMask = 2147483647;
			files = (
			);
			runOnlyForDeploymentPostprocessing = 0;
		};
		8FC078CE27AE15B600BA08E9 /* Frameworks */ = {
			isa = PBXFrameworksBuildPhase;
			buildActionMask = 2147483647;
			files = (
			);
			runOnlyForDeploymentPostprocessing = 0;
		};
		8FC078E427AE15B700BA08E9 /* Frameworks */ = {
			isa = PBXFrameworksBuildPhase;
			buildActionMask = 2147483647;
			files = (
			);
			runOnlyForDeploymentPostprocessing = 0;
		};
		8FC078EE27AE15B700BA08E9 /* Frameworks */ = {
			isa = PBXFrameworksBuildPhase;
			buildActionMask = 2147483647;
			files = (
			);
			runOnlyForDeploymentPostprocessing = 0;
		};
/* End PBXFrameworksBuildPhase section */

/* Begin PBXGroup section */
		8F9C3F0327AE420200043A68 /* keyboard */ = {
			isa = PBXGroup;
			children = (
				8F9C3F0427AE420300043A68 /* KeyboardViewController.swift */,
				8F9C3F0627AE420300043A68 /* Info.plist */,
			);
			path = keyboard;
			sourceTree = "<group>";
		};
		8FC078C827AE15B600BA08E9 = {
			isa = PBXGroup;
			children = (
				8FC078D327AE15B600BA08E9 /* Two */,
				8FC078EA27AE15B700BA08E9 /* TwoTests */,
				8FC078F427AE15B700BA08E9 /* TwoUITests */,
				8F9C3F0327AE420200043A68 /* keyboard */,
				8FC078D227AE15B600BA08E9 /* Products */,
			);
			sourceTree = "<group>";
		};
		8FC078D227AE15B600BA08E9 /* Products */ = {
			isa = PBXGroup;
			children = (
				8FC078D127AE15B600BA08E9 /* Two.app */,
				8FC078E727AE15B700BA08E9 /* TwoTests.xctest */,
				8FC078F127AE15B700BA08E9 /* TwoUITests.xctest */,
				8F9C3F0227AE420200043A68 /* keyboard.appex */,
			);
			name = Products;
			sourceTree = "<group>";
		};
		8FC078D327AE15B600BA08E9 /* Two */ = {
			isa = PBXGroup;
			children = (
				8FC078D427AE15B600BA08E9 /* AppDelegate.swift */,
				8FC078D627AE15B600BA08E9 /* SceneDelegate.swift */,
				8FC078D827AE15B600BA08E9 /* ViewController.swift */,
				8FC078DA27AE15B600BA08E9 /* Main.storyboard */,
				8FC078DD27AE15B700BA08E9 /* Assets.xcassets */,
				8FC078DF27AE15B700BA08E9 /* LaunchScreen.storyboard */,
				8FC078E227AE15B700BA08E9 /* Info.plist */,
			);
			path = Two;
			sourceTree = "<group>";
		};
		8FC078EA27AE15B700BA08E9 /* TwoTests */ = {
			isa = PBXGroup;
			children = (
				8FC078EB27AE15B700BA08E9 /* TwoTests.swift */,
			);
			path = TwoTests;
			sourceTree = "<group>";
		};
		8FC078F427AE15B700BA08E9 /* TwoUITests */ = {
			isa = PBXGroup;
			children = (
				8FC078F527AE15B700BA08E9 /* TwoUITests.swift */,
				8FC078F727AE15B700BA08E9 /* TwoUITestsLaunchTests.swift */,
			);
			path = TwoUITests;
			sourceTree = "<group>";
		};
/* End PBXGroup section */

/* Begin PBXNativeTarget section */
		8F9C3F0127AE420200043A68 /* keyboard */ = {
			isa = PBXNativeTarget;
			buildConfigurationList = 8F9C3F0D27AE420300043A68 /* Build configuration list for PBXNativeTarget "keyboard" */;
			buildPhases = (
				8F9C3EFE27AE420200043A68 /* Sources */,
				8F9C3EFF27AE420200043A68 /* Frameworks */,
				8F9C3F0027AE420200043A68 /* Resources */,
			);
			buildRules = (
			);
			dependencies = (
			);
			name = keyboard;
			productName = keyboard;
			productReference = 8F9C3F0227AE420200043A68 /* keyboard.appex */;
			productType = "com.apple.product-type.app-extension";
		};
		8FC078D027AE15B600BA08E9 /* Two */ = {
			isa = PBXNativeTarget;
			buildConfigurationList = 8FC078FB27AE15B700BA08E9 /* Build configuration list for PBXNativeTarget "Two" */;
			buildPhases = (
				8FC078CD27AE15B600BA08E9 /* Sources */,
				8FC078CE27AE15B600BA08E9 /* Frameworks */,
				8FC078CF27AE15B600BA08E9 /* Resources */,
				8F9C3F0A27AE420300043A68 /* Embed App Extensions */,
			);
			buildRules = (
			);
			dependencies = (
				8F9C3F0827AE420300043A68 /* PBXTargetDependency */,
			);
			name = Two;
			productName = Two;
			productReference = 8FC078D127AE15B600BA08E9 /* Two.app */;
			productType = "com.apple.product-type.application";
		};
		8FC078E627AE15B700BA08E9 /* TwoTests */ = {
			isa = PBXNativeTarget;
			buildConfigurationList = 8FC078FE27AE15B700BA08E9 /* Build configuration list for PBXNativeTarget "TwoTests" */;
			buildPhases = (
				8FC078E327AE15B700BA08E9 /* Sources */,
				8FC078E427AE15B700BA08E9 /* Frameworks */,
				8FC078E527AE15B700BA08E9 /* Resources */,
			);
			buildRules = (
			);
			dependencies = (
				8FC078E927AE15B700BA08E9 /* PBXTargetDependency */,
			);
			name = TwoTests;
			productName = TwoTests;
			productReference = 8FC078E727AE15B700BA08E9 /* TwoTests.xctest */;
			productType = "com.apple.product-type.bundle.unit-test";
		};
		8FC078F027AE15B700BA08E9 /* TwoUITests */ = {
			isa = PBXNativeTarget;
			buildConfigurationList = 8FC0790127AE15B700BA08E9 /* Build configuration list for PBXNativeTarget "TwoUITests" */;
			buildPhases = (
				8FC078ED27AE15B700BA08E9 /* Sources */,
				8FC078EE27AE15B700BA08E9 /* Frameworks */,
				8FC078EF27AE15B700BA08E9 /* Resources */,
			);
			buildRules = (
			);
			dependencies = (
				8FC078F327AE15B700BA08E9 /* PBXTargetDependency */,
			);
			name = TwoUITests;
			productName = TwoUITests;
			productReference = 8FC078F127AE15B700BA08E9 /* TwoUITests.xctest */;
			productType = "com.apple.product-type.bundle.ui-testing";
		};
/* End PBXNativeTarget section */

/* Begin PBXProject section */
		8FC078C927AE15B600BA08E9 /* Project object */ = {
			isa = PBXProject;
			attributes = {
				BuildIndependentTargetsInParallel = 1;
				LastSwiftUpdateCheck = 1320;
				LastUpgradeCheck = 1320;
				TargetAttributes = {
					8F9C3F0127AE420200043A68 = {
						CreatedOnToolsVersion = 13.2.1;
					};
					8FC078D027AE15B600BA08E9 = {
						CreatedOnToolsVersion = 13.2.1;
					};
					8FC078E627AE15B700BA08E9 = {
						CreatedOnToolsVersion = 13.2.1;
						TestTargetID = 8FC078D027AE15B600BA08E9;
					};
					8FC078F027AE15B700BA08E9 = {
						CreatedOnToolsVersion = 13.2.1;
						TestTargetID = 8FC078D027AE15B600BA08E9;
					};
				};
			};
			buildConfigurationList = 8FC078CC27AE15B600BA08E9 /* Build configuration list for PBXProject "Two" */;
			compatibilityVersion = "Xcode 13.0";
			developmentRegion = en;
			hasScannedForEncodings = 0;
			knownRegions = (
				en,
				Base,
			);
			mainGroup = 8FC078C827AE15B600BA08E9;
			productRefGroup = 8FC078D227AE15B600BA08E9 /* Products */;
			projectDirPath = "";
			projectRoot = "";
			targets = (
				8FC078D027AE15B600BA08E9 /* Two */,
				8FC078E627AE15B700BA08E9 /* TwoTests */,
				8FC078F027AE15B700BA08E9 /* TwoUITests */,
				8F9C3F0127AE420200043A68 /* keyboard */,
			);
		};
/* End PBXProject section */

/* Begin PBXResourcesBuildPhase section */
		8F9C3F0027AE420200043A68 /* Resources */ = {
			isa = PBXResourcesBuildPhase;
			buildActionMask = 2147483647;
			files = (
			);
			runOnlyForDeploymentPostprocessing = 0;
		};
		8FC078CF27AE15B600BA08E9 /* Resources */ = {
			isa = PBXResourcesBuildPhase;
			buildActionMask = 2147483647;
			files = (
				8FC078E127AE15B700BA08E9 /* LaunchScreen.storyboard in Resources */,
				8FC078DE27AE15B700BA08E9 /* Assets.xcassets in Resources */,
				8FC078DC27AE15B600BA08E9 /* Main.storyboard in Resources */,
			);
			runOnlyForDeploymentPostprocessing = 0;
		};
		8FC078E527AE15B700BA08E9 /* Resources */ = {
			isa = PBXResourcesBuildPhase;
			buildActionMask = 2147483647;
			files = (
			);
			runOnlyForDeploymentPostprocessing = 0;
		};
		8FC078EF27AE15B700BA08E9 /* Resources */ = {
			isa = PBXResourcesBuildPhase;
			buildActionMask = 2147483647;
			files = (
			);
			runOnlyForDeploymentPostprocessing = 0;
		};
/* End PBXResourcesBuildPhase section */

/* Begin PBXSourcesBuildPhase section */
		8F9C3EFE27AE420200043A68 /* Sources */ = {
			isa = PBXSourcesBuildPhase;
			buildActionMask = 2147483647;
			files = (
				8F9C3F0527AE420300043A68 /* KeyboardViewController.swift in Sources */,
			);
			runOnlyForDeploymentPostprocessing = 0;
		};
		8FC078CD27AE15B600BA08E9 /* Sources */ = {
			isa = PBXSourcesBuildPhase;
			buildActionMask = 2147483647;
			files = (
				8FC078D927AE15B600BA08E9 /* ViewController.swift in Sources */,
				8FC078D527AE15B600BA08E9 /* AppDelegate.swift in Sources */,
				8FC078D727AE15B600BA08E9 /* SceneDelegate.swift in Sources */,
			);
			runOnlyForDeploymentPostprocessing = 0;
		};
		8FC078E327AE15B700BA08E9 /* Sources */ = {
			isa = PBXSourcesBuildPhase;
			buildActionMask = 2147483647;
			files = (
				8FC078EC27AE15B700BA08E9 /* TwoTests.swift in Sources */,
			);
			runOnlyForDeploymentPostprocessing = 0;
		};
		8FC078ED27AE15B700BA08E9 /* Sources */ = {
			isa = PBXSourcesBuildPhase;
			buildActionMask = 2147483647;
			files = (
				8FC078F627AE15B700BA08E9 /* TwoUITests.swift in Sources */,
				8FC078F827AE15B700BA08E9 /* TwoUITestsLaunchTests.swift in Sources */,
			);
			runOnlyForDeploymentPostprocessing = 0;
		};
/* End PBXSourcesBuildPhase section */

/* Begin PBXTargetDependency section */
		8F9C3F0827AE420300043A68 /* PBXTargetDependency */ = {
			isa = PBXTargetDependency;
			target = 8F9C3F0127AE420200043A68 /* keyboard */;
			targetProxy = 8F9C3F0727AE420300043A68 /* PBXContainerItemProxy */;
		};
		8FC078E927AE15B700BA08E9 /* PBXTargetDependency */ = {
			isa = PBXTargetDependency;
			target = 8FC078D027AE15B600BA08E9 /* Two */;
			targetProxy = 8FC078E827AE15B700BA08E9 /* PBXContainerItemProxy */;
		};
		8FC078F327AE15B700BA08E9 /* PBXTargetDependency */ = {
			isa = PBXTargetDependency;
			target = 8FC078D027AE15B600BA08E9 /* Two */;
			targetProxy = 8FC078F227AE15B700BA08E9 /* PBXContainerItemProxy */;
		};
/* End PBXTargetDependency section */

/* Begin PBXVariantGroup section */
		8FC078DA27AE15B600BA08E9 /* Main.storyboard */ = {
			isa = PBXVariantGroup;
			children = (
				8FC078DB27AE15B600BA08E9 /* Base */,
			);
			name = Main.storyboard;
			sourceTree = "<group>";
		};
		8FC078DF27AE15B700BA08E9 /* LaunchScreen.storyboard */ = {
			isa = PBXVariantGroup;
			children = (
				8FC078E027AE15B700BA08E9 /* Base */,
			);
			name = LaunchScreen.storyboard;
			sourceTree = "<group>";
		};
/* End PBXVariantGroup section */

/* Begin XCBuildConfiguration section */
		8F9C3F0B27AE420300043A68 /* Debug */ = {
			isa = XCBuildConfiguration;
			buildSettings = {
				CODE_SIGN_STYLE = Automatic;
				CURRENT_PROJECT_VERSION = 1;
				DEVELOPMENT_TEAM = M7H94MZ333;
				GENERATE_INFOPLIST_FILE = YES;
				INFOPLIST_FILE = keyboard/Info.plist;
				INFOPLIST_KEY_CFBundleDisplayName = keyboard;
				INFOPLIST_KEY_NSHumanReadableCopyright = "";
				LD_RUNPATH_SEARCH_PATHS = (
					"$(inherited)",
					"@executable_path/Frameworks",
					"@executable_path/../../Frameworks",
				);
				MARKETING_VERSION = 1.0;
				PRODUCT_BUNDLE_IDENTIFIER = worktwo.Two.keyboard;
				PRODUCT_NAME = "$(TARGET_NAME)";
				SKIP_INSTALL = YES;
				SWIFT_EMIT_LOC_STRINGS = YES;
				SWIFT_VERSION = 5.0;
				TARGETED_DEVICE_FAMILY = "1,2";
			};
			name = Debug;
		};
		8F9C3F0C27AE420300043A68 /* Release */ = {
			isa = XCBuildConfiguration;
			buildSettings = {
				CODE_SIGN_STYLE = Automatic;
				CURRENT_PROJECT_VERSION = 1;
				DEVELOPMENT_TEAM = M7H94MZ333;
				GENERATE_INFOPLIST_FILE = YES;
				INFOPLIST_FILE = keyboard/Info.plist;
				INFOPLIST_KEY_CFBundleDisplayName = keyboard;
				INFOPLIST_KEY_NSHumanReadableCopyright = "";
				LD_RUNPATH_SEARCH_PATHS = (
					"$(inherited)",
					"@executable_path/Frameworks",
					"@executable_path/../../Frameworks",
				);
				MARKETING_VERSION = 1.0;
				PRODUCT_BUNDLE_IDENTIFIER = worktwo.Two.keyboard;
				PRODUCT_NAME = "$(TARGET_NAME)";
				SKIP_INSTALL = YES;
				SWIFT_EMIT_LOC_STRINGS = YES;
				SWIFT_VERSION = 5.0;
				TARGETED_DEVICE_FAMILY = "1,2";
			};
			name = Release;
		};
		8FC078F927AE15B700BA08E9 /* Debug */ = {
			isa = XCBuildConfiguration;
			buildSettings = {
				ALWAYS_SEARCH_USER_PATHS = NO;
				CLANG_ANALYZER_NONNULL = YES;
				CLANG_ANALYZER_NUMBER_OBJECT_CONVERSION = YES_AGGRESSIVE;
				CLANG_CXX_LANGUAGE_STANDARD = "gnu++17";
				CLANG_CXX_LIBRARY = "libc++";
				CLANG_ENABLE_MODULES = YES;
				CLANG_ENABLE_OBJC_ARC = YES;
				CLANG_ENABLE_OBJC_WEAK = YES;
				CLANG_WARN_BLOCK_CAPTURE_AUTORELEASING = YES;
				CLANG_WARN_BOOL_CONVERSION = YES;
				CLANG_WARN_COMMA = YES;
				CLANG_WARN_CONSTANT_CONVERSION = YES;
				CLANG_WARN_DEPRECATED_OBJC_IMPLEMENTATIONS = YES;
				CLANG_WARN_DIRECT_OBJC_ISA_USAGE = YES_ERROR;
				CLANG_WARN_DOCUMENTATION_COMMENTS = YES;
				CLANG_WARN_EMPTY_BODY = YES;
				CLANG_WARN_ENUM_CONVERSION = YES;
				CLANG_WARN_INFINITE_RECURSION = YES;
				CLANG_WARN_INT_CONVERSION = YES;
				CLANG_WARN_NON_LITERAL_NULL_CONVERSION = YES;
				CLANG_WARN_OBJC_IMPLICIT_RETAIN_SELF = YES;
				CLANG_WARN_OBJC_LITERAL_CONVERSION = YES;
				CLANG_WARN_OBJC_ROOT_CLASS = YES_ERROR;
				CLANG_WARN_QUOTED_INCLUDE_IN_FRAMEWORK_HEADER = YES;
				CLANG_WARN_RANGE_LOOP_ANALYSIS = YES;
				CLANG_WARN_STRICT_PROTOTYPES = YES;
				CLANG_WARN_SUSPICIOUS_MOVE = YES;
				CLANG_WARN_UNGUARDED_AVAILABILITY = YES_AGGRESSIVE;
				CLANG_WARN_UNREACHABLE_CODE = YES;
				CLANG_WARN__DUPLICATE_METHOD_MATCH = YES;
				COPY_PHASE_STRIP = NO;
				DEBUG_INFORMATION_FORMAT = dwarf;
				ENABLE_STRICT_OBJC_MSGSEND = YES;
				ENABLE_TESTABILITY = YES;
				GCC_C_LANGUAGE_STANDARD = gnu11;
				GCC_DYNAMIC_NO_PIC = NO;
				GCC_NO_COMMON_BLOCKS = YES;
				GCC_OPTIMIZATION_LEVEL = 0;
				GCC_PREPROCESSOR_DEFINITIONS = (
					"DEBUG=1",
					"$(inherited)",
				);
				GCC_WARN_64_TO_32_BIT_CONVERSION = YES;
				GCC_WARN_ABOUT_RETURN_TYPE = YES_ERROR;
				GCC_WARN_UNDECLARED_SELECTOR = YES;
				GCC_WARN_UNINITIALIZED_AUTOS = YES_AGGRESSIVE;
				GCC_WARN_UNUSED_FUNCTION = YES;
				GCC_WARN_UNUSED_VARIABLE = YES;
				IPHONEOS_DEPLOYMENT_TARGET = 15.2;
				MTL_ENABLE_DEBUG_INFO = INCLUDE_SOURCE;
				MTL_FAST_MATH = YES;
				ONLY_ACTIVE_ARCH = YES;
				SDKROOT = iphoneos;
				SWIFT_ACTIVE_COMPILATION_CONDITIONS = DEBUG;
				SWIFT_OPTIMIZATION_LEVEL = "-Onone";
			};
			name = Debug;
		};
		8FC078FA27AE15B700BA08E9 /* Release */ = {
			isa = XCBuildConfiguration;
			buildSettings = {
				ALWAYS_SEARCH_USER_PATHS = NO;
				CLANG_ANALYZER_NONNULL = YES;
				CLANG_ANALYZER_NUMBER_OBJECT_CONVERSION = YES_AGGRESSIVE;
				CLANG_CXX_LANGUAGE_STANDARD = "gnu++17";
				CLANG_CXX_LIBRARY = "libc++";
				CLANG_ENABLE_MODULES = YES;
				CLANG_ENABLE_OBJC_ARC = YES;
				CLANG_ENABLE_OBJC_WEAK = YES;
				CLANG_WARN_BLOCK_CAPTURE_AUTORELEASING = YES;
				CLANG_WARN_BOOL_CONVERSION = YES;
				CLANG_WARN_COMMA = YES;
				CLANG_WARN_CONSTANT_CONVERSION = YES;
				CLANG_WARN_DEPRECATED_OBJC_IMPLEMENTATIONS = YES;
				CLANG_WARN_DIRECT_OBJC_ISA_USAGE = YES_ERROR;
				CLANG_WARN_DOCUMENTATION_COMMENTS = YES;
				CLANG_WARN_EMPTY_BODY = YES;
				CLANG_WARN_ENUM_CONVERSION = YES;
				CLANG_WARN_INFINITE_RECURSION = YES;
				CLANG_WARN_INT_CONVERSION = YES;
				CLANG_WARN_NON_LITERAL_NULL_CONVERSION = YES;
				CLANG_WARN_OBJC_IMPLICIT_RETAIN_SELF = YES;
				CLANG_WARN_OBJC_LITERAL_CONVERSION = YES;
				CLANG_WARN_OBJC_ROOT_CLASS = YES_ERROR;
				CLANG_WARN_QUOTED_INCLUDE_IN_FRAMEWORK_HEADER = YES;
				CLANG_WARN_RANGE_LOOP_ANALYSIS = YES;
				CLANG_WARN_STRICT_PROTOTYPES = YES;
				CLANG_WARN_SUSPICIOUS_MOVE = YES;
				CLANG_WARN_UNGUARDED_AVAILABILITY = YES_AGGRESSIVE;
				CLANG_WARN_UNREACHABLE_CODE = YES;
				CLANG_WARN__DUPLICATE_METHOD_MATCH = YES;
				COPY_PHASE_STRIP = NO;
				DEBUG_INFORMATION_FORMAT = "dwarf-with-dsym";
				ENABLE_NS_ASSERTIONS = NO;
				ENABLE_STRICT_OBJC_MSGSEND = YES;
				GCC_C_LANGUAGE_STANDARD = gnu11;
				GCC_NO_COMMON_BLOCKS = YES;
				GCC_WARN_64_TO_32_BIT_CONVERSION = YES;
				GCC_WARN_ABOUT_RETURN_TYPE = YES_ERROR;
				GCC_WARN_UNDECLARED_SELECTOR = YES;
				GCC_WARN_UNINITIALIZED_AUTOS = YES_AGGRESSIVE;
				GCC_WARN_UNUSED_FUNCTION = YES;
				GCC_WARN_UNUSED_VARIABLE = YES;
				IPHONEOS_DEPLOYMENT_TARGET = 15.2;
				MTL_ENABLE_DEBUG_INFO = NO;
				MTL_FAST_MATH = YES;
				SDKROOT = iphoneos;
				SWIFT_COMPILATION_MODE = wholemodule;
				SWIFT_OPTIMIZATION_LEVEL = "-O";
				VALIDATE_PRODUCT = YES;
			};
			name = Release;
		};
		8FC078FC27AE15B700BA08E9 /* Debug */ = {
			isa = XCBuildConfiguration;
			buildSettings = {
				ALWAYS_EMBED_SWIFT_STANDARD_LIBRARIES = YES;
				ASSETCATALOG_COMPILER_APPICON_NAME = AppIcon;
				ASSETCATALOG_COMPILER_GLOBAL_ACCENT_COLOR_NAME = AccentColor;
				CODE_SIGN_STYLE = Automatic;
				CURRENT_PROJECT_VERSION = 1;
				DEVELOPMENT_TEAM = M7H94MZ333;
				GENERATE_INFOPLIST_FILE = YES;
				INFOPLIST_FILE = Two/Info.plist;
				INFOPLIST_KEY_UIApplicationSupportsIndirectInputEvents = YES;
				INFOPLIST_KEY_UILaunchStoryboardName = LaunchScreen;
				INFOPLIST_KEY_UIMainStoryboardFile = Main;
				INFOPLIST_KEY_UISupportedInterfaceOrientations_iPad = "UIInterfaceOrientationPortrait UIInterfaceOrientationPortraitUpsideDown UIInterfaceOrientationLandscapeLeft UIInterfaceOrientationLandscapeRight";
				INFOPLIST_KEY_UISupportedInterfaceOrientations_iPhone = "UIInterfaceOrientationPortrait UIInterfaceOrientationLandscapeLeft UIInterfaceOrientationLandscapeRight";
				LD_RUNPATH_SEARCH_PATHS = (
					"$(inherited)",
					"@executable_path/Frameworks",
				);
				MARKETING_VERSION = 1.0;
				PRODUCT_BUNDLE_IDENTIFIER = worktwo.Two;
				PRODUCT_NAME = "$(TARGET_NAME)";
				SWIFT_EMIT_LOC_STRINGS = YES;
				SWIFT_VERSION = 5.0;
				TARGETED_DEVICE_FAMILY = "1,2";
			};
			name = Debug;
		};
		8FC078FD27AE15B700BA08E9 /* Release */ = {
			isa = XCBuildConfiguration;
			buildSettings = {
				ALWAYS_EMBED_SWIFT_STANDARD_LIBRARIES = YES;
				ASSETCATALOG_COMPILER_APPICON_NAME = AppIcon;
				ASSETCATALOG_COMPILER_GLOBAL_ACCENT_COLOR_NAME = AccentColor;
				CODE_SIGN_STYLE = Automatic;
				CURRENT_PROJECT_VERSION = 1;
				DEVELOPMENT_TEAM = M7H94MZ333;
				GENERATE_INFOPLIST_FILE = YES;
				INFOPLIST_FILE = Two/Info.plist;
				INFOPLIST_KEY_UIApplicationSupportsIndirectInputEvents = YES;
				INFOPLIST_KEY_UILaunchStoryboardName = LaunchScreen;
				INFOPLIST_KEY_UIMainStoryboardFile = Main;
				INFOPLIST_KEY_UISupportedInterfaceOrientations_iPad = "UIInterfaceOrientationPortrait UIInterfaceOrientationPortraitUpsideDown UIInterfaceOrientationLandscapeLeft UIInterfaceOrientationLandscapeRight";
				INFOPLIST_KEY_UISupportedInterfaceOrientations_iPhone = "UIInterfaceOrientationPortrait UIInterfaceOrientationLandscapeLeft UIInterfaceOrientationLandscapeRight";
				LD_RUNPATH_SEARCH_PATHS = (
					"$(inherited)",
					"@executable_path/Frameworks",
				);
				MARKETING_VERSION = 1.0;
				PRODUCT_BUNDLE_IDENTIFIER = worktwo.Two;
				PRODUCT_NAME = "$(TARGET_NAME)";
				SWIFT_EMIT_LOC_STRINGS = YES;
				SWIFT_VERSION = 5.0;
				TARGETED_DEVICE_FAMILY = "1,2";
			};
			name = Release;
		};
		8FC078FF27AE15B700BA08E9 /* Debug */ = {
			isa = XCBuildConfiguration;
			buildSettings = {
				ALWAYS_EMBED_SWIFT_STANDARD_LIBRARIES = YES;
				BUNDLE_LOADER = "$(TEST_HOST)";
				CODE_SIGN_STYLE = Automatic;
				CURRENT_PROJECT_VERSION = 1;
				DEVELOPMENT_TEAM = M7H94MZ333;
				GENERATE_INFOPLIST_FILE = YES;
				IPHONEOS_DEPLOYMENT_TARGET = 15.2;
				MARKETING_VERSION = 1.0;
				PRODUCT_BUNDLE_IDENTIFIER = worktwo.TwoTests;
				PRODUCT_NAME = "$(TARGET_NAME)";
				SWIFT_EMIT_LOC_STRINGS = NO;
				SWIFT_VERSION = 5.0;
				TARGETED_DEVICE_FAMILY = "1,2";
				TEST_HOST = "$(BUILT_PRODUCTS_DIR)/Two.app/Two";
			};
			name = Debug;
		};
		8FC0790027AE15B700BA08E9 /* Release */ = {
			isa = XCBuildConfiguration;
			buildSettings = {
				ALWAYS_EMBED_SWIFT_STANDARD_LIBRARIES = YES;
				BUNDLE_LOADER = "$(TEST_HOST)";
				CODE_SIGN_STYLE = Automatic;
				CURRENT_PROJECT_VERSION = 1;
				DEVELOPMENT_TEAM = M7H94MZ333;
				GENERATE_INFOPLIST_FILE = YES;
				IPHONEOS_DEPLOYMENT_TARGET = 15.2;
				MARKETING_VERSION = 1.0;
				PRODUCT_BUNDLE_IDENTIFIER = worktwo.TwoTests;
				PRODUCT_NAME = "$(TARGET_NAME)";
				SWIFT_EMIT_LOC_STRINGS = NO;
				SWIFT_VERSION = 5.0;
				TARGETED_DEVICE_FAMILY = "1,2";
				TEST_HOST = "$(BUILT_PRODUCTS_DIR)/Two.app/Two";
			};
			name = Release;
		};
		8FC0790227AE15B700BA08E9 /* Debug */ = {
			isa = XCBuildConfiguration;
			buildSettings = {
				ALWAYS_EMBED_SWIFT_STANDARD_LIBRARIES = YES;
				CODE_SIGN_STYLE = Automatic;
				CURRENT_PROJECT_VERSION = 1;
				DEVELOPMENT_TEAM = M7H94MZ333;
				GENERATE_INFOPLIST_FILE = YES;
				MARKETING_VERSION = 1.0;
				PRODUCT_BUNDLE_IDENTIFIER = worktwo.TwoUITests;
				PRODUCT_NAME = "$(TARGET_NAME)";
				SWIFT_EMIT_LOC_STRINGS = NO;
				SWIFT_VERSION = 5.0;
				TARGETED_DEVICE_FAMILY = "1,2";
				TEST_TARGET_NAME = Two;
			};
			name = Debug;
		};
		8FC0790327AE15B700BA08E9 /* Release */ = {
			isa = XCBuildConfiguration;
			buildSettings = {
				ALWAYS_EMBED_SWIFT_STANDARD_LIBRARIES = YES;
				CODE_SIGN_STYLE = Automatic;
				CURRENT_PROJECT_VERSION = 1;
				DEVELOPMENT_TEAM = M7H94MZ333;
				GENERATE_INFOPLIST_FILE = YES;
				MARKETING_VERSION = 1.0;
				PRODUCT_BUNDLE_IDENTIFIER = worktwo.TwoUITests;
				PRODUCT_NAME = "$(TARGET_NAME)";
				SWIFT_EMIT_LOC_STRINGS = NO;
				SWIFT_VERSION = 5.0;
				TARGETED_DEVICE_FAMILY = "1,2";
				TEST_TARGET_NAME = Two;
			};
			name = Release;
		};
/* End XCBuildConfiguration section */

/* Begin XCConfigurationList section */
		8F9C3F0D27AE420300043A68 /* Build configuration list for PBXNativeTarget "keyboard" */ = {
			isa = XCConfigurationList;
			buildConfigurations = (
				8F9C3F0B27AE420300043A68 /* Debug */,
				8F9C3F0C27AE420300043A68 /* Release */,
			);
			defaultConfigurationIsVisible = 0;
			defaultConfigurationName = Release;
		};
		8FC078CC27AE15B600BA08E9 /* Build configuration list for PBXProject "Two" */ = {
			isa = XCConfigurationList;
			buildConfigurations = (
				8FC078F927AE15B700BA08E9 /* Debug */,
				8FC078FA27AE15B700BA08E9 /* Release */,
			);
			defaultConfigurationIsVisible = 0;
			defaultConfigurationName = Release;
		};
		8FC078FB27AE15B700BA08E9 /* Build configuration list for PBXNativeTarget "Two" */ = {
			isa = XCConfigurationList;
			buildConfigurations = (
				8FC078FC27AE15B700BA08E9 /* Debug */,
				8FC078FD27AE15B700BA08E9 /* Release */,
			);
			defaultConfigurationIsVisible = 0;
			defaultConfigurationName = Release;
		};
		8FC078FE27AE15B700BA08E9 /* Build configuration list for PBXNativeTarget "TwoTests" */ = {
			isa = XCConfigurationList;
			buildConfigurations = (
				8FC078FF27AE15B700BA08E9 /* Debug */,
				8FC0790027AE15B700BA08E9 /* Release */,
			);
			defaultConfigurationIsVisible = 0;
			defaultConfigurationName = Release;
		};
		8FC0790127AE15B700BA08E9 /* Build configuration list for PBXNativeTarget "TwoUITests" */ = {
			isa = XCConfigurationList;
			buildConfigurations = (
				8FC0790227AE15B700BA08E9 /* Debug */,
				8FC0790327AE15B700BA08E9 /* Release */,
			);
			defaultConfigurationIsVisible = 0;
			defaultConfigurationName = Release;
		};
/* End XCConfigurationList section */
	};
	rootObject = 8FC078C927AE15B600BA08E9 /* Project object */;
}
